// !$*UTF8*$!
{
	archiveVersion = 1;
	classes = {
	};
	objectVersion = 46;
	objects = {

/* Begin PBXBuildFile section */
		CF5F6AC11CA8EAF50080B4C6 /* main.m in Sources */ = {isa = PBXBuildFile; fileRef = CF5F6AC01CA8EAF50080B4C6 /* main.m */; };
		CF5F6AC41CA8EAF50080B4C6 /* AppDelegate.m in Sources */ = {isa = PBXBuildFile; fileRef = CF5F6AC31CA8EAF50080B4C6 /* AppDelegate.m */; };
		CF5F6AC71CA8EAF50080B4C6 /* ViewController.m in Sources */ = {isa = PBXBuildFile; fileRef = CF5F6AC61CA8EAF50080B4C6 /* ViewController.m */; };
		CF5F6ACA1CA8EAF50080B4C6 /* Main.storyboard in Resources */ = {isa = PBXBuildFile; fileRef = CF5F6AC81CA8EAF50080B4C6 /* Main.storyboard */; };
		CF5F6ACD1CA8EAF50080B4C6 /* Demo3_JS_HttpCook.xcdatamodeld in Sources */ = {isa = PBXBuildFile; fileRef = CF5F6ACB1CA8EAF50080B4C6 /* Demo3_JS_HttpCook.xcdatamodeld */; };
		CF5F6ACF1CA8EAF50080B4C6 /* Assets.xcassets in Resources */ = {isa = PBXBuildFile; fileRef = CF5F6ACE1CA8EAF50080B4C6 /* Assets.xcassets */; };
		CF5F6AD21CA8EAF50080B4C6 /* LaunchScreen.storyboard in Resources */ = {isa = PBXBuildFile; fileRef = CF5F6AD01CA8EAF50080B4C6 /* LaunchScreen.storyboard */; };
		CF5F6ADD1CA8EAF50080B4C6 /* Demo3_JS_HttpCookTests.m in Sources */ = {isa = PBXBuildFile; fileRef = CF5F6ADC1CA8EAF50080B4C6 /* Demo3_JS_HttpCookTests.m */; };
		CF5F6AE81CA8EAF50080B4C6 /* Demo3_JS_HttpCookUITests.m in Sources */ = {isa = PBXBuildFile; fileRef = CF5F6AE71CA8EAF50080B4C6 /* Demo3_JS_HttpCookUITests.m */; };
		CF5F6AF71CA8ECD90080B4C6 /* JSMenuTableViewController.m in Sources */ = {isa = PBXBuildFile; fileRef = CF5F6AF61CA8ECD90080B4C6 /* JSMenuTableViewController.m */; };
		CF5F6AFA1CA8ECE30080B4C6 /* JSStepTableViewController.m in Sources */ = {isa = PBXBuildFile; fileRef = CF5F6AF91CA8ECE30080B4C6 /* JSStepTableViewController.m */; };
		CF5F6AFD1CA8EDB40080B4C6 /* JSMenu.m in Sources */ = {isa = PBXBuildFile; fileRef = CF5F6AFC1CA8EDB40080B4C6 /* JSMenu.m */; };
		CF5F6B001CA8EE400080B4C6 /* JSStep.m in Sources */ = {isa = PBXBuildFile; fileRef = CF5F6AFF1CA8EE400080B4C6 /* JSStep.m */; };
		CF5F6B031CA8EE4A0080B4C6 /* JSJsonParser.m in Sources */ = {isa = PBXBuildFile; fileRef = CF5F6B021CA8EE4A0080B4C6 /* JSJsonParser.m */; };
		CF5F6B061CA8EEB90080B4C6 /* TableViewCell.m in Sources */ = {isa = PBXBuildFile; fileRef = CF5F6B051CA8EEB90080B4C6 /* TableViewCell.m */; };
/* End PBXBuildFile section */

/* Begin PBXContainerItemProxy section */
		CF5F6AD91CA8EAF50080B4C6 /* PBXContainerItemProxy */ = {
			isa = PBXContainerItemProxy;
			containerPortal = CF5F6AB41CA8EAF50080B4C6 /* Project object */;
			proxyType = 1;
			remoteGlobalIDString = CF5F6ABB1CA8EAF50080B4C6;
			remoteInfo = Demo3_JS_HttpCook;
		};
		CF5F6AE41CA8EAF50080B4C6 /* PBXContainerItemProxy */ = {
			isa = PBXContainerItemProxy;
			containerPortal = CF5F6AB41CA8EAF50080B4C6 /* Project object */;
			proxyType = 1;
			remoteGlobalIDString = CF5F6ABB1CA8EAF50080B4C6;
			remoteInfo = Demo3_JS_HttpCook;
		};
/* End PBXContainerItemProxy section */

/* Begin PBXFileReference section */
		CF5F6ABC1CA8EAF50080B4C6 /* Demo3_JS_HttpCook.app */ = {isa = PBXFileReference; explicitFileType = wrapper.application; includeInIndex = 0; path = Demo3_JS_HttpCook.app; sourceTree = BUILT_PRODUCTS_DIR; };
		CF5F6AC01CA8EAF50080B4C6 /* main.m */ = {isa = PBXFileReference; lastKnownFileType = sourcecode.c.objc; path = main.m; sourceTree = "<group>"; };
		CF5F6AC21CA8EAF50080B4C6 /* AppDelegate.h */ = {isa = PBXFileReference; lastKnownFileType = sourcecode.c.h; path = AppDelegate.h; sourceTree = "<group>"; };
		CF5F6AC31CA8EAF50080B4C6 /* AppDelegate.m */ = {isa = PBXFileReference; lastKnownFileType = sourcecode.c.objc; path = AppDelegate.m; sourceTree = "<group>"; };
		CF5F6AC51CA8EAF50080B4C6 /* ViewController.h */ = {isa = PBXFileReference; lastKnownFileType = sourcecode.c.h; path = ViewController.h; sourceTree = "<group>"; };
		CF5F6AC61CA8EAF50080B4C6 /* ViewController.m */ = {isa = PBXFileReference; lastKnownFileType = sourcecode.c.objc; path = ViewController.m; sourceTree = "<group>"; };
		CF5F6AC91CA8EAF50080B4C6 /* Base */ = {isa = PBXFileReference; lastKnownFileType = file.storyboard; name = Base; path = Base.lproj/Main.storyboard; sourceTree = "<group>"; };
		CF5F6ACC1CA8EAF50080B4C6 /* Demo3_JS_HttpCook.xcdatamodel */ = {isa = PBXFileReference; lastKnownFileType = wrapper.xcdatamodel; path = Demo3_JS_HttpCook.xcdatamodel; sourceTree = "<group>"; };
		CF5F6ACE1CA8EAF50080B4C6 /* Assets.xcassets */ = {isa = PBXFileReference; lastKnownFileType = folder.assetcatalog; path = Assets.xcassets; sourceTree = "<group>"; };
		CF5F6AD11CA8EAF50080B4C6 /* Base */ = {isa = PBXFileReference; lastKnownFileType = file.storyboard; name = Base; path = Base.lproj/LaunchScreen.storyboard; sourceTree = "<group>"; };
		CF5F6AD31CA8EAF50080B4C6 /* Info.plist */ = {isa = PBXFileReference; lastKnownFileType = text.plist.xml; path = Info.plist; sourceTree = "<group>"; };
		CF5F6AD81CA8EAF50080B4C6 /* Demo3_JS_HttpCookTests.xctest */ = {isa = PBXFileReference; explicitFileType = wrapper.cfbundle; includeInIndex = 0; path = Demo3_JS_HttpCookTests.xctest; sourceTree = BUILT_PRODUCTS_DIR; };
		CF5F6ADC1CA8EAF50080B4C6 /* Demo3_JS_HttpCookTests.m */ = {isa = PBXFileReference; lastKnownFileType = sourcecode.c.objc; path = Demo3_JS_HttpCookTests.m; sourceTree = "<group>"; };
		CF5F6ADE1CA8EAF50080B4C6 /* Info.plist */ = {isa = PBXFileReference; lastKnownFileType = text.plist.xml; path = Info.plist; sourceTree = "<group>"; };
		CF5F6AE31CA8EAF50080B4C6 /* Demo3_JS_HttpCookUITests.xctest */ = {isa = PBXFileReference; explicitFileType = wrapper.cfbundle; includeInIndex = 0; path = Demo3_JS_HttpCookUITests.xctest; sourceTree = BUILT_PRODUCTS_DIR; };
		CF5F6AE71CA8EAF50080B4C6 /* Demo3_JS_HttpCookUITests.m */ = {isa = PBXFileReference; lastKnownFileType = sourcecode.c.objc; path = Demo3_JS_HttpCookUITests.m; sourceTree = "<group>"; };
		CF5F6AE91CA8EAF50080B4C6 /* Info.plist */ = {isa = PBXFileReference; lastKnownFileType = text.plist.xml; path = Info.plist; sourceTree = "<group>"; };
		CF5F6AF51CA8ECD90080B4C6 /* JSMenuTableViewController.h */ = {isa = PBXFileReference; fileEncoding = 4; lastKnownFileType = sourcecode.c.h; path = JSMenuTableViewController.h; sourceTree = "<group>"; };
		CF5F6AF61CA8ECD90080B4C6 /* JSMenuTableViewController.m */ = {isa = PBXFileReference; fileEncoding = 4; lastKnownFileType = sourcecode.c.objc; path = JSMenuTableViewController.m; sourceTree = "<group>"; };
		CF5F6AF81CA8ECE30080B4C6 /* JSStepTableViewController.h */ = {isa = PBXFileReference; fileEncoding = 4; lastKnownFileType = sourcecode.c.h; path = JSStepTableViewController.h; sourceTree = "<group>"; };
		CF5F6AF91CA8ECE30080B4C6 /* JSStepTableViewController.m */ = {isa = PBXFileReference; fileEncoding = 4; lastKnownFileType = sourcecode.c.objc; path = JSStepTableViewController.m; sourceTree = "<group>"; };
		CF5F6AFB1CA8EDB40080B4C6 /* JSMenu.h */ = {isa = PBXFileReference; fileEncoding = 4; lastKnownFileType = sourcecode.c.h; path = JSMenu.h; sourceTree = "<group>"; };
		CF5F6AFC1CA8EDB40080B4C6 /* JSMenu.m */ = {isa = PBXFileReference; fileEncoding = 4; lastKnownFileType = sourcecode.c.objc; path = JSMenu.m; sourceTree = "<group>"; };
		CF5F6AFE1CA8EE400080B4C6 /* JSStep.h */ = {isa = PBXFileReference; fileEncoding = 4; lastKnownFileType = sourcecode.c.h; path = JSStep.h; sourceTree = "<group>"; };
		CF5F6AFF1CA8EE400080B4C6 /* JSStep.m */ = {isa = PBXFileReference; fileEncoding = 4; lastKnownFileType = sourcecode.c.objc; path = JSStep.m; sourceTree = "<group>"; };
		CF5F6B011CA8EE4A0080B4C6 /* JSJsonParser.h */ = {isa = PBXFileReference; fileEncoding = 4; lastKnownFileType = sourcecode.c.h; path = JSJsonParser.h; sourceTree = "<group>"; };
		CF5F6B021CA8EE4A0080B4C6 /* JSJsonParser.m */ = {isa = PBXFileReference; fileEncoding = 4; lastKnownFileType = sourcecode.c.objc; path = JSJsonParser.m; sourceTree = "<group>"; };
		CF5F6B041CA8EEB90080B4C6 /* TableViewCell.h */ = {isa = PBXFileReference; fileEncoding = 4; lastKnownFileType = sourcecode.c.h; path = TableViewCell.h; sourceTree = "<group>"; };
		CF5F6B051CA8EEB90080B4C6 /* TableViewCell.m */ = {isa = PBXFileReference; fileEncoding = 4; lastKnownFileType = sourcecode.c.objc; path = TableViewCell.m; sourceTree = "<group>"; };
/* End PBXFileReference section */

/* Begin PBXFrameworksBuildPhase section */
		CF5F6AB91CA8EAF50080B4C6 /* Frameworks */ = {
			isa = PBXFrameworksBuildPhase;
			buildActionMask = 2147483647;
			files = (
			);
			runOnlyForDeploymentPostprocessing = 0;
		};
		CF5F6AD51CA8EAF50080B4C6 /* Frameworks */ = {
			isa = PBXFrameworksBuildPhase;
			buildActionMask = 2147483647;
			files = (
			);
			runOnlyForDeploymentPostprocessing = 0;
		};
		CF5F6AE01CA8EAF50080B4C6 /* Frameworks */ = {
			isa = PBXFrameworksBuildPhase;
			buildActionMask = 2147483647;
			files = (
			);
			runOnlyForDeploymentPostprocessing = 0;
		};
/* End PBXFrameworksBuildPhase section */

/* Begin PBXGroup section */
		CF5F6AB31CA8EAF50080B4C6 = {
			isa = PBXGroup;
			children = (
				CF5F6ABE1CA8EAF50080B4C6 /* Demo3_JS_HttpCook */,
				CF5F6ADB1CA8EAF50080B4C6 /* Demo3_JS_HttpCookTests */,
				CF5F6AE61CA8EAF50080B4C6 /* Demo3_JS_HttpCookUITests */,
				CF5F6ABD1CA8EAF50080B4C6 /* Products */,
			);
			sourceTree = "<group>";
		};
		CF5F6ABD1CA8EAF50080B4C6 /* Products */ = {
			isa = PBXGroup;
			children = (
				CF5F6ABC1CA8EAF50080B4C6 /* Demo3_JS_HttpCook.app */,
				CF5F6AD81CA8EAF50080B4C6 /* Demo3_JS_HttpCookTests.xctest */,
				CF5F6AE31CA8EAF50080B4C6 /* Demo3_JS_HttpCookUITests.xctest */,
			);
			name = Products;
			sourceTree = "<group>";
		};
		CF5F6ABE1CA8EAF50080B4C6 /* Demo3_JS_HttpCook */ = {
			isa = PBXGroup;
			children = (
				CF5F6AC21CA8EAF50080B4C6 /* AppDelegate.h */,
				CF5F6AC31CA8EAF50080B4C6 /* AppDelegate.m */,
				CF5F6AC51CA8EAF50080B4C6 /* ViewController.h */,
				CF5F6AC61CA8EAF50080B4C6 /* ViewController.m */,
				CF5F6AC81CA8EAF50080B4C6 /* Main.storyboard */,
				CF5F6AF51CA8ECD90080B4C6 /* JSMenuTableViewController.h */,
				CF5F6AF61CA8ECD90080B4C6 /* JSMenuTableViewController.m */,
				CF5F6AF81CA8ECE30080B4C6 /* JSStepTableViewController.h */,
				CF5F6AF91CA8ECE30080B4C6 /* JSStepTableViewController.m */,
				CF5F6B041CA8EEB90080B4C6 /* TableViewCell.h */,
				CF5F6B051CA8EEB90080B4C6 /* TableViewCell.m */,
				CF5F6ACE1CA8EAF50080B4C6 /* Assets.xcassets */,
				CF5F6AD01CA8EAF50080B4C6 /* LaunchScreen.storyboard */,
				CF5F6AD31CA8EAF50080B4C6 /* Info.plist */,
				CF5F6ACB1CA8EAF50080B4C6 /* Demo3_JS_HttpCook.xcdatamodeld */,
				CF5F6ABF1CA8EAF50080B4C6 /* Supporting Files */,
				CF5F6AFB1CA8EDB40080B4C6 /* JSMenu.h */,
				CF5F6AFC1CA8EDB40080B4C6 /* JSMenu.m */,
				CF5F6AFE1CA8EE400080B4C6 /* JSStep.h */,
				CF5F6AFF1CA8EE400080B4C6 /* JSStep.m */,
				CF5F6B011CA8EE4A0080B4C6 /* JSJsonParser.h */,
				CF5F6B021CA8EE4A0080B4C6 /* JSJsonParser.m */,
			);
			path = Demo3_JS_HttpCook;
			sourceTree = "<group>";
		};
		CF5F6ABF1CA8EAF50080B4C6 /* Supporting Files */ = {
			isa = PBXGroup;
			children = (
				CF5F6AC01CA8EAF50080B4C6 /* main.m */,
			);
			name = "Supporting Files";
			sourceTree = "<group>";
		};
		CF5F6ADB1CA8EAF50080B4C6 /* Demo3_JS_HttpCookTests */ = {
			isa = PBXGroup;
			children = (
				CF5F6ADC1CA8EAF50080B4C6 /* Demo3_JS_HttpCookTests.m */,
				CF5F6ADE1CA8EAF50080B4C6 /* Info.plist */,
			);
			path = Demo3_JS_HttpCookTests;
			sourceTree = "<group>";
		};
		CF5F6AE61CA8EAF50080B4C6 /* Demo3_JS_HttpCookUITests */ = {
			isa = PBXGroup;
			children = (
				CF5F6AE71CA8EAF50080B4C6 /* Demo3_JS_HttpCookUITests.m */,
				CF5F6AE91CA8EAF50080B4C6 /* Info.plist */,
			);
			path = Demo3_JS_HttpCookUITests;
			sourceTree = "<group>";
		};
/* End PBXGroup section */

/* Begin PBXNativeTarget section */
		CF5F6ABB1CA8EAF50080B4C6 /* Demo3_JS_HttpCook */ = {
			isa = PBXNativeTarget;
			buildConfigurationList = CF5F6AEC1CA8EAF50080B4C6 /* Build configuration list for PBXNativeTarget "Demo3_JS_HttpCook" */;
			buildPhases = (
				CF5F6AB81CA8EAF50080B4C6 /* Sources */,
				CF5F6AB91CA8EAF50080B4C6 /* Frameworks */,
				CF5F6ABA1CA8EAF50080B4C6 /* Resources */,
			);
			buildRules = (
			);
			dependencies = (
			);
			name = Demo3_JS_HttpCook;
			productName = Demo3_JS_HttpCook;
			productReference = CF5F6ABC1CA8EAF50080B4C6 /* Demo3_JS_HttpCook.app */;
			productType = "com.apple.product-type.application";
		};
		CF5F6AD71CA8EAF50080B4C6 /* Demo3_JS_HttpCookTests */ = {
			isa = PBXNativeTarget;
			buildConfigurationList = CF5F6AEF1CA8EAF50080B4C6 /* Build configuration list for PBXNativeTarget "Demo3_JS_HttpCookTests" */;
			buildPhases = (
				CF5F6AD41CA8EAF50080B4C6 /* Sources */,
				CF5F6AD51CA8EAF50080B4C6 /* Frameworks */,
				CF5F6AD61CA8EAF50080B4C6 /* Resources */,
			);
			buildRules = (
			);
			dependencies = (
				CF5F6ADA1CA8EAF50080B4C6 /* PBXTargetDependency */,
			);
			name = Demo3_JS_HttpCookTests;
			productName = Demo3_JS_HttpCookTests;
			productReference = CF5F6AD81CA8EAF50080B4C6 /* Demo3_JS_HttpCookTests.xctest */;
			productType = "com.apple.product-type.bundle.unit-test";
		};
		CF5F6AE21CA8EAF50080B4C6 /* Demo3_JS_HttpCookUITests */ = {
			isa = PBXNativeTarget;
			buildConfigurationList = CF5F6AF21CA8EAF50080B4C6 /* Build configuration list for PBXNativeTarget "Demo3_JS_HttpCookUITests" */;
			buildPhases = (
				CF5F6ADF1CA8EAF50080B4C6 /* Sources */,
				CF5F6AE01CA8EAF50080B4C6 /* Frameworks */,
				CF5F6AE11CA8EAF50080B4C6 /* Resources */,
			);
			buildRules = (
			);
			dependencies = (
				CF5F6AE51CA8EAF50080B4C6 /* PBXTargetDependency */,
			);
			name = Demo3_JS_HttpCookUITests;
			productName = Demo3_JS_HttpCookUITests;
			productReference = CF5F6AE31CA8EAF50080B4C6 /* Demo3_JS_HttpCookUITests.xctest */;
			productType = "com.apple.product-type.bundle.ui-testing";
		};
/* End PBXNativeTarget section */

/* Begin PBXProject section */
		CF5F6AB41CA8EAF50080B4C6 /* Project object */ = {
			isa = PBXProject;
			attributes = {
				LastUpgradeCheck = 0730;
				ORGANIZATIONNAME = jiangsu;
				TargetAttributes = {
					CF5F6ABB1CA8EAF50080B4C6 = {
						CreatedOnToolsVersion = 7.3;
						DevelopmentTeam = 4SU7V64Q9J;
					};
					CF5F6AD71CA8EAF50080B4C6 = {
						CreatedOnToolsVersion = 7.3;
						DevelopmentTeam = 4SU7V64Q9J;
						TestTargetID = CF5F6ABB1CA8EAF50080B4C6;
					};
					CF5F6AE21CA8EAF50080B4C6 = {
						CreatedOnToolsVersion = 7.3;
						DevelopmentTeam = 4SU7V64Q9J;
						TestTargetID = CF5F6ABB1CA8EAF50080B4C6;
					};
				};
			};
			buildConfigurationList = CF5F6AB71CA8EAF50080B4C6 /* Build configuration list for PBXProject "Demo3_JS_HttpCook" */;
			compatibilityVersion = "Xcode 3.2";
			developmentRegion = English;
			hasScannedForEncodings = 0;
			knownRegions = (
				en,
				Base,
			);
			mainGroup = CF5F6AB31CA8EAF50080B4C6;
			productRefGroup = CF5F6ABD1CA8EAF50080B4C6 /* Products */;
			projectDirPath = "";
			projectRoot = "";
			targets = (
				CF5F6ABB1CA8EAF50080B4C6 /* Demo3_JS_HttpCook */,
				CF5F6AD71CA8EAF50080B4C6 /* Demo3_JS_HttpCookTests */,
				CF5F6AE21CA8EAF50080B4C6 /* Demo3_JS_HttpCookUITests */,
			);
		};
/* End PBXProject section */

/* Begin PBXResourcesBuildPhase section */
		CF5F6ABA1CA8EAF50080B4C6 /* Resources */ = {
			isa = PBXResourcesBuildPhase;
			buildActionMask = 2147483647;
			files = (
				CF5F6AD21CA8EAF50080B4C6 /* LaunchScreen.storyboard in Resources */,
				CF5F6ACF1CA8EAF50080B4C6 /* Assets.xcassets in Resources */,
				CF5F6ACA1CA8EAF50080B4C6 /* Main.storyboard in Resources */,
			);
			runOnlyForDeploymentPostprocessing = 0;
		};
		CF5F6AD61CA8EAF50080B4C6 /* Resources */ = {
			isa = PBXResourcesBuildPhase;
			buildActionMask = 2147483647;
			files = (
			);
			runOnlyForDeploymentPostprocessing = 0;
		};
		CF5F6AE11CA8EAF50080B4C6 /* Resources */ = {
			isa = PBXResourcesBuildPhase;
			buildActionMask = 2147483647;
			files = (
			);
			runOnlyForDeploymentPostprocessing = 0;
		};
/* End PBXResourcesBuildPhase section */

/* Begin PBXSourcesBuildPhase section */
		CF5F6AB81CA8EAF50080B4C6 /* Sources */ = {
			isa = PBXSourcesBuildPhase;
			buildActionMask = 2147483647;
			files = (
				CF5F6B031CA8EE4A0080B4C6 /* JSJsonParser.m in Sources */,
				CF5F6AC71CA8EAF50080B4C6 /* ViewController.m in Sources */,
				CF5F6ACD1CA8EAF50080B4C6 /* Demo3_JS_HttpCook.xcdatamodeld in Sources */,
				CF5F6B061CA8EEB90080B4C6 /* TableViewCell.m in Sources */,
				CF5F6AF71CA8ECD90080B4C6 /* JSMenuTableViewController.m in Sources */,
				CF5F6AC41CA8EAF50080B4C6 /* AppDelegate.m in Sources */,
				CF5F6B001CA8EE400080B4C6 /* JSStep.m in Sources */,
				CF5F6AFD1CA8EDB40080B4C6 /* JSMenu.m in Sources */,
				CF5F6AFA1CA8ECE30080B4C6 /* JSStepTableViewController.m in Sources */,
				CF5F6AC11CA8EAF50080B4C6 /* main.m in Sources */,
			);
			runOnlyForDeploymentPostprocessing = 0;
		};
		CF5F6AD41CA8EAF50080B4C6 /* Sources */ = {
			isa = PBXSourcesBuildPhase;
			buildActionMask = 2147483647;
			files = (
				CF5F6ADD1CA8EAF50080B4C6 /* Demo3_JS_HttpCookTests.m in Sources */,
			);
			runOnlyForDeploymentPostprocessing = 0;
		};
		CF5F6ADF1CA8EAF50080B4C6 /* Sources */ = {
			isa = PBXSourcesBuildPhase;
			buildActionMask = 2147483647;
			files = (
				CF5F6AE81CA8EAF50080B4C6 /* Demo3_JS_HttpCookUITests.m in Sources */,
			);
			runOnlyForDeploymentPostprocessing = 0;
		};
/* End PBXSourcesBuildPhase section */

/* Begin PBXTargetDependency section */
		CF5F6ADA1CA8EAF50080B4C6 /* PBXTargetDependency */ = {
			isa = PBXTargetDependency;
			target = CF5F6ABB1CA8EAF50080B4C6 /* Demo3_JS_HttpCook */;
			targetProxy = CF5F6AD91CA8EAF50080B4C6 /* PBXContainerItemProxy */;
		};
		CF5F6AE51CA8EAF50080B4C6 /* PBXTargetDependency */ = {
			isa = PBXTargetDependency;
			target = CF5F6ABB1CA8EAF50080B4C6 /* Demo3_JS_HttpCook */;
			targetProxy = CF5F6AE41CA8EAF50080B4C6 /* PBXContainerItemProxy */;
		};
/* End PBXTargetDependency section */

/* Begin PBXVariantGroup section */
		CF5F6AC81CA8EAF50080B4C6 /* Main.storyboard */ = {
			isa = PBXVariantGroup;
			children = (
				CF5F6AC91CA8EAF50080B4C6 /* Base */,
			);
			name = Main.storyboard;
			sourceTree = "<group>";
		};
		CF5F6AD01CA8EAF50080B4C6 /* LaunchScreen.storyboard */ = {
			isa = PBXVariantGroup;
			children = (
				CF5F6AD11CA8EAF50080B4C6 /* Base */,
			);
			name = LaunchScreen.storyboard;
			sourceTree = "<group>";
		};
/* End PBXVariantGroup section */

/* Begin XCBuildConfiguration section */
		CF5F6AEA1CA8EAF50080B4C6 /* Debug */ = {
			isa = XCBuildConfiguration;
			buildSettings = {
				ALWAYS_SEARCH_USER_PATHS = NO;
				CLANG_ANALYZER_NONNULL = YES;
				CLANG_CXX_LANGUAGE_STANDARD = "gnu++0x";
				CLANG_CXX_LIBRARY = "libc++";
				CLANG_ENABLE_MODULES = YES;
				CLANG_ENABLE_OBJC_ARC = YES;
				CLANG_WARN_BOOL_CONVERSION = YES;
				CLANG_WARN_CONSTANT_CONVERSION = YES;
				CLANG_WARN_DIRECT_OBJC_ISA_USAGE = YES_ERROR;
				CLANG_WARN_EMPTY_BODY = YES;
				CLANG_WARN_ENUM_CONVERSION = YES;
				CLANG_WARN_INT_CONVERSION = YES;
				CLANG_WARN_OBJC_ROOT_CLASS = YES_ERROR;
				CLANG_WARN_UNREACHABLE_CODE = YES;
				CLANG_WARN__DUPLICATE_METHOD_MATCH = YES;
				"CODE_SIGN_IDENTITY[sdk=iphoneos*]" = "iPhone Developer";
				COPY_PHASE_STRIP = NO;
				DEBUG_INFORMATION_FORMAT = dwarf;
				ENABLE_STRICT_OBJC_MSGSEND = YES;
				ENABLE_TESTABILITY = YES;
				GCC_C_LANGUAGE_STANDARD = gnu99;
				GCC_DYNAMIC_NO_PIC = NO;
				GCC_NO_COMMON_BLOCKS = YES;
				GCC_OPTIMIZATION_LEVEL = 0;
				GCC_PREPROCESSOR_DEFINITIONS = (
					"DEBUG=1",
					"$(inherited)",
				);
				GCC_WARN_64_TO_32_BIT_CONVERSION = YES;
				GCC_WARN_ABOUT_RETURN_TYPE = YES_ERROR;
				GCC_WARN_UNDECLARED_SELECTOR = YES;
				GCC_WARN_UNINITIALIZED_AUTOS = YES_AGGRESSIVE;
				GCC_WARN_UNUSED_FUNCTION = YES;
				GCC_WARN_UNUSED_VARIABLE = YES;
				IPHONEOS_DEPLOYMENT_TARGET = 9.3;
				MTL_ENABLE_DEBUG_INFO = YES;
				ONLY_ACTIVE_ARCH = YES;
				SDKROOT = iphoneos;
			};
			name = Debug;
		};
		CF5F6AEB1CA8EAF50080B4C6 /* Release */ = {
			isa = XCBuildConfiguration;
			buildSettings = {
				ALWAYS_SEARCH_USER_PATHS = NO;
				CLANG_ANALYZER_NONNULL = YES;
				CLANG_CXX_LANGUAGE_STANDARD = "gnu++0x";
				CLANG_CXX_LIBRARY = "libc++";
				CLANG_ENABLE_MODULES = YES;
				CLANG_ENABLE_OBJC_ARC = YES;
				CLANG_WARN_BOOL_CONVERSION = YES;
				CLANG_WARN_CONSTANT_CONVERSION = YES;
				CLANG_WARN_DIRECT_OBJC_ISA_USAGE = YES_ERROR;
				CLANG_WARN_EMPTY_BODY = YES;
				CLANG_WARN_ENUM_CONVERSION = YES;
				CLANG_WARN_INT_CONVERSION = YES;
				CLANG_WARN_OBJC_ROOT_CLASS = YES_ERROR;
				CLANG_WARN_UNREACHABLE_CODE = YES;
				CLANG_WARN__DUPLICATE_METHOD_MATCH = YES;
				"CODE_SIGN_IDENTITY[sdk=iphoneos*]" = "iPhone Developer";
				COPY_PHASE_STRIP = NO;
				DEBUG_INFORMATION_FORMAT = "dwarf-with-dsym";
				ENABLE_NS_ASSERTIONS = NO;
				ENABLE_STRICT_OBJC_MSGSEND = YES;
				GCC_C_LANGUAGE_STANDARD = gnu99;
				GCC_NO_COMMON_BLOCKS = YES;
				GCC_WARN_64_TO_32_BIT_CONVERSION = YES;
				GCC_WARN_ABOUT_RETURN_TYPE = YES_ERROR;
				GCC_WARN_UNDECLARED_SELECTOR = YES;
				GCC_WARN_UNINITIALIZED_AUTOS = YES_AGGRESSIVE;
				GCC_WARN_UNUSED_FUNCTION = YES;
				GCC_WARN_UNUSED_VARIABLE = YES;
				IPHONEOS_DEPLOYMENT_TARGET = 9.3;
				MTL_ENABLE_DEBUG_INFO = NO;
				SDKROOT = iphoneos;
				VALIDATE_PRODUCT = YES;
			};
			name = Release;
		};
		CF5F6AED1CA8EAF50080B4C6 /* Debug */ = {
			isa = XCBuildConfiguration;
			buildSettings = {
				ASSETCATALOG_COMPILER_APPICON_NAME = AppIcon;
				INFOPLIST_FILE = Demo3_JS_HttpCook/Info.plist;
				LD_RUNPATH_SEARCH_PATHS = "$(inherited) @executable_path/Frameworks";
				PRODUCT_BUNDLE_IDENTIFIER = "com.jiangsu.Demo3-JS-HttpCook";
				PRODUCT_NAME = "$(TARGET_NAME)";
			};
			name = Debug;
		};
		CF5F6AEE1CA8EAF50080B4C6 /* Release */ = {
			isa = XCBuildConfiguration;
			buildSettings = {
				ASSETCATALOG_COMPILER_APPICON_NAME = AppIcon;
				INFOPLIST_FILE = Demo3_JS_HttpCook/Info.plist;
				LD_RUNPATH_SEARCH_PATHS = "$(inherited) @executable_path/Frameworks";
				PRODUCT_BUNDLE_IDENTIFIER = "com.jiangsu.Demo3-JS-HttpCook";
				PRODUCT_NAME = "$(TARGET_NAME)";
			};
			name = Release;
		};
		CF5F6AF01CA8EAF50080B4C6 /* Debug */ = {
			isa = XCBuildConfiguration;
			buildSettings = {
				BUNDLE_LOADER = "$(TEST_HOST)";
				INFOPLIST_FILE = Demo3_JS_HttpCookTests/Info.plist;
				LD_RUNPATH_SEARCH_PATHS = "$(inherited) @executable_path/Frameworks @loader_path/Frameworks";
				PRODUCT_BUNDLE_IDENTIFIER = "com.jiangsu.Demo3-JS-HttpCookTests";
				PRODUCT_NAME = "$(TARGET_NAME)";
				TEST_HOST = "$(BUILT_PRODUCTS_DIR)/Demo3_JS_HttpCook.app/Demo3_JS_HttpCook";
			};
			name = Debug;
		};
		CF5F6AF11CA8EAF50080B4C6 /* Release */ = {
			isa = XCBuildConfiguration;
			buildSettings = {
				BUNDLE_LOADER = "$(TEST_HOST)";
				INFOPLIST_FILE = Demo3_JS_HttpCookTests/Info.plist;
				LD_RUNPATH_SEARCH_PATHS = "$(inherited) @executable_path/Frameworks @loader_path/Frameworks";
				PRODUCT_BUNDLE_IDENTIFIER = "com.jiangsu.Demo3-JS-HttpCookTests";
				PRODUCT_NAME = "$(TARGET_NAME)";
				TEST_HOST = "$(BUILT_PRODUCTS_DIR)/Demo3_JS_HttpCook.app/Demo3_JS_HttpCook";
			};
			name = Release;
		};
		CF5F6AF31CA8EAF50080B4C6 /* Debug */ = {
			isa = XCBuildConfiguration;
			buildSettings = {
				INFOPLIST_FILE = Demo3_JS_HttpCookUITests/Info.plist;
				LD_RUNPATH_SEARCH_PATHS = "$(inherited) @executable_path/Frameworks @loader_path/Frameworks";
				PRODUCT_BUNDLE_IDENTIFIER = "com.jiangsu.Demo3-JS-HttpCookUITests";
				PRODUCT_NAME = "$(TARGET_NAME)";
				TEST_TARGET_NAME = Demo3_JS_HttpCook;
			};
			name = Debug;
		};
		CF5F6AF41CA8EAF50080B4C6 /* Release */ = {
			isa = XCBuildConfiguration;
			buildSettings = {
				INFOPLIST_FILE = Demo3_JS_HttpCookUITests/Info.plist;
				LD_RUNPATH_SEARCH_PATHS = "$(inherited) @executable_path/Frameworks @loader_path/Frameworks";
				PRODUCT_BUNDLE_IDENTIFIER = "com.jiangsu.Demo3-JS-HttpCookUITests";
				PRODUCT_NAME = "$(TARGET_NAME)";
				TEST_TARGET_NAME = Demo3_JS_HttpCook;
			};
			name = Release;
		};
/* End XCBuildConfiguration section */

/* Begin XCConfigurationList section */
		CF5F6AB71CA8EAF50080B4C6 /* Build configuration list for PBXProject "Demo3_JS_HttpCook" */ = {
			isa = XCConfigurationList;
			buildConfigurations = (
				CF5F6AEA1CA8EAF50080B4C6 /* Debug */,
				CF5F6AEB1CA8EAF50080B4C6 /* Release */,
			);
			defaultConfigurationIsVisible = 0;
			defaultConfigurationName = Release;
		};
		CF5F6AEC1CA8EAF50080B4C6 /* Build configuration list for PBXNativeTarget "Demo3_JS_HttpCook" */ = {
			isa = XCConfigurationList;
			buildConfigurations = (
				CF5F6AED1CA8EAF50080B4C6 /* Debug */,
				CF5F6AEE1CA8EAF50080B4C6 /* Release */,
			);
			defaultConfigurationIsVisible = 0;
		};
		CF5F6AEF1CA8EAF50080B4C6 /* Build configuration list for PBXNativeTarget "Demo3_JS_HttpCookTests" */ = {
			isa = XCConfigurationList;
			buildConfigurations = (
				CF5F6AF01CA8EAF50080B4C6 /* Debug */,
				CF5F6AF11CA8EAF50080B4C6 /* Release */,
			);
			defaultConfigurationIsVisible = 0;
		};
		CF5F6AF21CA8EAF50080B4C6 /* Build configuration list for PBXNativeTarget "Demo3_JS_HttpCookUITests" */ = {
			isa = XCConfigurationList;
			buildConfigurations = (
				CF5F6AF31CA8EAF50080B4C6 /* Debug */,
				CF5F6AF41CA8EAF50080B4C6 /* Release */,
			);
			defaultConfigurationIsVisible = 0;
		};
/* End XCConfigurationList section */

/* Begin XCVersionGroup section */
		CF5F6ACB1CA8EAF50080B4C6 /* Demo3_JS_HttpCook.xcdatamodeld */ = {
			isa = XCVersionGroup;
			children = (
				CF5F6ACC1CA8EAF50080B4C6 /* Demo3_JS_HttpCook.xcdatamodel */,
			);
			currentVersion = CF5F6ACC1CA8EAF50080B4C6 /* Demo3_JS_HttpCook.xcdatamodel */;
			path = Demo3_JS_HttpCook.xcdatamodeld;
			sourceTree = "<group>";
			versionGroupType = wrapper.xcdatamodel;
		};
/* End XCVersionGroup section */
	};
	rootObject = CF5F6AB41CA8EAF50080B4C6 /* Project object */;
}
